// !$*UTF8*$!
{
	archiveVersion = 1;
	classes = {
	};
	objectVersion = 56;
	objects = {

/* Begin PBXBuildFile section */
		5906657F2A17A871008DF66E /* MovieData.swift in Sources */ = {isa = PBXBuildFile; fileRef = 5906657E2A17A871008DF66E /* MovieData.swift */; };
		59DC208629FBD17900D40E87 /* AppDelegate.swift in Sources */ = {isa = PBXBuildFile; fileRef = 59DC208529FBD17900D40E87 /* AppDelegate.swift */; };
		59DC208829FBD17900D40E87 /* SceneDelegate.swift in Sources */ = {isa = PBXBuildFile; fileRef = 59DC208729FBD17900D40E87 /* SceneDelegate.swift */; };
		59DC208A29FBD17900D40E87 /* MovieViewController.swift in Sources */ = {isa = PBXBuildFile; fileRef = 59DC208929FBD17900D40E87 /* MovieViewController.swift */; };
		59DC208F29FBD17900D40E87 /* Assets.xcassets in Resources */ = {isa = PBXBuildFile; fileRef = 59DC208E29FBD17900D40E87 /* Assets.xcassets */; };
		59DC209229FBD17900D40E87 /* LaunchScreen.storyboard in Resources */ = {isa = PBXBuildFile; fileRef = 59DC209029FBD17900D40E87 /* LaunchScreen.storyboard */; };
		59DC20A129FBD38600D40E87 /* MovieController.swift in Sources */ = {isa = PBXBuildFile; fileRef = 59DC20A029FBD38600D40E87 /* MovieController.swift */; };
		59DC20A329FBD39C00D40E87 /* MovieModel.swift in Sources */ = {isa = PBXBuildFile; fileRef = 59DC20A229FBD39C00D40E87 /* MovieModel.swift */; };
		59DC20A72A09232900D40E87 /* MovieTableCell.swift in Sources */ = {isa = PBXBuildFile; fileRef = 59DC20A62A09232900D40E87 /* MovieTableCell.swift */; };
/* End PBXBuildFile section */

/* Begin PBXFileReference section */
		5906657E2A17A871008DF66E /* MovieData.swift */ = {isa = PBXFileReference; lastKnownFileType = sourcecode.swift; path = MovieData.swift; sourceTree = "<group>"; };
		59DC208229FBD17900D40E87 /* imdb.app */ = {isa = PBXFileReference; explicitFileType = wrapper.application; includeInIndex = 0; path = imdb.app; sourceTree = BUILT_PRODUCTS_DIR; };
		59DC208529FBD17900D40E87 /* AppDelegate.swift */ = {isa = PBXFileReference; lastKnownFileType = sourcecode.swift; path = AppDelegate.swift; sourceTree = "<group>"; };
		59DC208729FBD17900D40E87 /* SceneDelegate.swift */ = {isa = PBXFileReference; lastKnownFileType = sourcecode.swift; path = SceneDelegate.swift; sourceTree = "<group>"; };
		59DC208929FBD17900D40E87 /* MovieViewController.swift */ = {isa = PBXFileReference; lastKnownFileType = sourcecode.swift; path = MovieViewController.swift; sourceTree = "<group>"; };
		59DC208E29FBD17900D40E87 /* Assets.xcassets */ = {isa = PBXFileReference; lastKnownFileType = folder.assetcatalog; path = Assets.xcassets; sourceTree = "<group>"; };
		59DC209129FBD17900D40E87 /* Base */ = {isa = PBXFileReference; lastKnownFileType = file.storyboard; name = Base; path = Base.lproj/LaunchScreen.storyboard; sourceTree = "<group>"; };
		59DC209329FBD17900D40E87 /* Info.plist */ = {isa = PBXFileReference; lastKnownFileType = text.plist.xml; path = Info.plist; sourceTree = "<group>"; };
		59DC20A029FBD38600D40E87 /* MovieController.swift */ = {isa = PBXFileReference; lastKnownFileType = sourcecode.swift; path = MovieController.swift; sourceTree = "<group>"; };
		59DC20A229FBD39C00D40E87 /* MovieModel.swift */ = {isa = PBXFileReference; lastKnownFileType = sourcecode.swift; path = MovieModel.swift; sourceTree = "<group>"; };
		59DC20A62A09232900D40E87 /* MovieTableCell.swift */ = {isa = PBXFileReference; lastKnownFileType = sourcecode.swift; path = MovieTableCell.swift; sourceTree = "<group>"; };
/* End PBXFileReference section */

/* Begin PBXFrameworksBuildPhase section */
		59DC207F29FBD17900D40E87 /* Frameworks */ = {
			isa = PBXFrameworksBuildPhase;
			buildActionMask = 2147483647;
			files = (
			);
			runOnlyForDeploymentPostprocessing = 0;
		};
/* End PBXFrameworksBuildPhase section */

/* Begin PBXGroup section */
		59DC207929FBD17900D40E87 = {
			isa = PBXGroup;
			children = (
				59DC208429FBD17900D40E87 /* imdb */,
				59DC208329FBD17900D40E87 /* Products */,
			);
			sourceTree = "<group>";
		};
		59DC208329FBD17900D40E87 /* Products */ = {
			isa = PBXGroup;
			children = (
				59DC208229FBD17900D40E87 /* imdb.app */,
			);
			name = Products;
			sourceTree = "<group>";
		};
		59DC208429FBD17900D40E87 /* imdb */ = {
			isa = PBXGroup;
			children = (
				59DC209C29FBD22A00D40E87 /* Store */,
				59DC209B29FBD22200D40E87 /* Networking */,
				59DC209A29FBD21A00D40E87 /* UI */,
				59DC209929FBD1FD00D40E87 /* App */,
				59DC208E29FBD17900D40E87 /* Assets.xcassets */,
				59DC209029FBD17900D40E87 /* LaunchScreen.storyboard */,
				59DC209329FBD17900D40E87 /* Info.plist */,
			);
			path = imdb;
			sourceTree = "<group>";
		};
		59DC209929FBD1FD00D40E87 /* App */ = {
			isa = PBXGroup;
			children = (
				59DC208529FBD17900D40E87 /* AppDelegate.swift */,
				59DC208729FBD17900D40E87 /* SceneDelegate.swift */,
			);
			path = App;
			sourceTree = "<group>";
		};
		59DC209A29FBD21A00D40E87 /* UI */ = {
			isa = PBXGroup;
			children = (
				59DC209F29FBD34D00D40E87 /* Controller */,
				59DC209E29FBD34700D40E87 /* View */,
				59DC209D29FBD34000D40E87 /* Model */,
			);
			path = UI;
			sourceTree = "<group>";
		};
		59DC209B29FBD22200D40E87 /* Networking */ = {
			isa = PBXGroup;
			children = (
			);
			path = Networking;
			sourceTree = "<group>";
		};
		59DC209C29FBD22A00D40E87 /* Store */ = {
			isa = PBXGroup;
			children = (
			);
			path = Store;
			sourceTree = "<group>";
		};
		59DC209D29FBD34000D40E87 /* Model */ = {
			isa = PBXGroup;
			children = (
				59DC20A229FBD39C00D40E87 /* MovieModel.swift */,
				5906657E2A17A871008DF66E /* MovieData.swift */,
			);
			path = Model;
			sourceTree = "<group>";
		};
		59DC209E29FBD34700D40E87 /* View */ = {
			isa = PBXGroup;
			children = (
				59DC208929FBD17900D40E87 /* MovieViewController.swift */,
				59DC20A62A09232900D40E87 /* MovieTableCell.swift */,
			);
			path = View;
			sourceTree = "<group>";
		};
		59DC209F29FBD34D00D40E87 /* Controller */ = {
			isa = PBXGroup;
			children = (
				59DC20A029FBD38600D40E87 /* MovieController.swift */,
			);
			path = Controller;
			sourceTree = "<group>";
		};
/* End PBXGroup section */

/* Begin PBXNativeTarget section */
		59DC208129FBD17900D40E87 /* imdb */ = {
			isa = PBXNativeTarget;
			buildConfigurationList = 59DC209629FBD17900D40E87 /* Build configuration list for PBXNativeTarget "imdb" */;
			buildPhases = (
				59DC207E29FBD17900D40E87 /* Sources */,
				59DC207F29FBD17900D40E87 /* Frameworks */,
				59DC208029FBD17900D40E87 /* Resources */,
			);
			buildRules = (
			);
			dependencies = (
			);
			name = imdb;
			productName = imdb;
			productReference = 59DC208229FBD17900D40E87 /* imdb.app */;
			productType = "com.apple.product-type.application";
		};
/* End PBXNativeTarget section */

/* Begin PBXProject section */
		59DC207A29FBD17900D40E87 /* Project object */ = {
			isa = PBXProject;
			attributes = {
				BuildIndependentTargetsInParallel = 1;
				LastSwiftUpdateCheck = 1420;
				LastUpgradeCheck = 1420;
				TargetAttributes = {
					59DC208129FBD17900D40E87 = {
						CreatedOnToolsVersion = 14.2;
					};
				};
			};
			buildConfigurationList = 59DC207D29FBD17900D40E87 /* Build configuration list for PBXProject "imdb" */;
			compatibilityVersion = "Xcode 14.0";
			developmentRegion = en;
			hasScannedForEncodings = 0;
			knownRegions = (
				en,
				Base,
			);
			mainGroup = 59DC207929FBD17900D40E87;
			productRefGroup = 59DC208329FBD17900D40E87 /* Products */;
			projectDirPath = "";
			projectRoot = "";
			targets = (
				59DC208129FBD17900D40E87 /* imdb */,
			);
		};
/* End PBXProject section */

/* Begin PBXResourcesBuildPhase section */
		59DC208029FBD17900D40E87 /* Resources */ = {
			isa = PBXResourcesBuildPhase;
			buildActionMask = 2147483647;
			files = (
				59DC209229FBD17900D40E87 /* LaunchScreen.storyboard in Resources */,
				59DC208F29FBD17900D40E87 /* Assets.xcassets in Resources */,
			);
			runOnlyForDeploymentPostprocessing = 0;
		};
/* End PBXResourcesBuildPhase section */

/* Begin PBXSourcesBuildPhase section */
		59DC207E29FBD17900D40E87 /* Sources */ = {
			isa = PBXSourcesBuildPhase;
			buildActionMask = 2147483647;
			files = (
				59DC20A129FBD38600D40E87 /* MovieController.swift in Sources */,
				59DC208A29FBD17900D40E87 /* MovieViewController.swift in Sources */,
				59DC20A329FBD39C00D40E87 /* MovieModel.swift in Sources */,
				5906657F2A17A871008DF66E /* MovieData.swift in Sources */,
				59DC208629FBD17900D40E87 /* AppDelegate.swift in Sources */,
				59DC208829FBD17900D40E87 /* SceneDelegate.swift in Sources */,
				59DC20A72A09232900D40E87 /* MovieTableCell.swift in Sources */,
			);
			runOnlyForDeploymentPostprocessing = 0;
		};
/* End PBXSourcesBuildPhase section */

/* Begin PBXVariantGroup section */
		59DC209029FBD17900D40E87 /* LaunchScreen.storyboard */ = {
			isa = PBXVariantGroup;
			children = (
				59DC209129FBD17900D40E87 /* Base */,
			);
			name = LaunchScreen.storyboard;
			sourceTree = "<group>";
		};
/* End PBXVariantGroup section */

/* Begin XCBuildConfiguration section */
		59DC209429FBD17900D40E87 /* Debug */ = {
			isa = XCBuildConfiguration;
			buildSettings = {
				ALWAYS_SEARCH_USER_PATHS = NO;
				CLANG_ANALYZER_NONNULL = YES;
				CLANG_ANALYZER_NUMBER_OBJECT_CONVERSION = YES_AGGRESSIVE;
				CLANG_CXX_LANGUAGE_STANDARD = "gnu++20";
				CLANG_ENABLE_MODULES = YES;
				CLANG_ENABLE_OBJC_ARC = YES;
				CLANG_ENABLE_OBJC_WEAK = YES;
				CLANG_WARN_BLOCK_CAPTURE_AUTORELEASING = YES;
				CLANG_WARN_BOOL_CONVERSION = YES;
				CLANG_WARN_COMMA = YES;
				CLANG_WARN_CONSTANT_CONVERSION = YES;
				CLANG_WARN_DEPRECATED_OBJC_IMPLEMENTATIONS = YES;
				CLANG_WARN_DIRECT_OBJC_ISA_USAGE = YES_ERROR;
				CLANG_WARN_DOCUMENTATION_COMMENTS = YES;
				CLANG_WARN_EMPTY_BODY = YES;
				CLANG_WARN_ENUM_CONVERSION = YES;
				CLANG_WARN_INFINITE_RECURSION = YES;
				CLANG_WARN_INT_CONVERSION = YES;
				CLANG_WARN_NON_LITERAL_NULL_CONVERSION = YES;
				CLANG_WARN_OBJC_IMPLICIT_RETAIN_SELF = YES;
				CLANG_WARN_OBJC_LITERAL_CONVERSION = YES;
				CLANG_WARN_OBJC_ROOT_CLASS = YES_ERROR;
				CLANG_WARN_QUOTED_INCLUDE_IN_FRAMEWORK_HEADER = YES;
				CLANG_WARN_RANGE_LOOP_ANALYSIS = YES;
				CLANG_WARN_STRICT_PROTOTYPES = YES;
				CLANG_WARN_SUSPICIOUS_MOVE = YES;
				CLANG_WARN_UNGUARDED_AVAILABILITY = YES_AGGRESSIVE;
				CLANG_WARN_UNREACHABLE_CODE = YES;
				CLANG_WARN__DUPLICATE_METHOD_MATCH = YES;
				COPY_PHASE_STRIP = NO;
				DEBUG_INFORMATION_FORMAT = dwarf;
				ENABLE_STRICT_OBJC_MSGSEND = YES;
				ENABLE_TESTABILITY = YES;
				GCC_C_LANGUAGE_STANDARD = gnu11;
				GCC_DYNAMIC_NO_PIC = NO;
				GCC_NO_COMMON_BLOCKS = YES;
				GCC_OPTIMIZATION_LEVEL = 0;
				GCC_PREPROCESSOR_DEFINITIONS = (
					"DEBUG=1",
					"$(inherited)",
				);
				GCC_WARN_64_TO_32_BIT_CONVERSION = YES;
				GCC_WARN_ABOUT_RETURN_TYPE = YES_ERROR;
				GCC_WARN_UNDECLARED_SELECTOR = YES;
				GCC_WARN_UNINITIALIZED_AUTOS = YES_AGGRESSIVE;
				GCC_WARN_UNUSED_FUNCTION = YES;
				GCC_WARN_UNUSED_VARIABLE = YES;
				IPHONEOS_DEPLOYMENT_TARGET = 16.2;
				MTL_ENABLE_DEBUG_INFO = INCLUDE_SOURCE;
				MTL_FAST_MATH = YES;
				ONLY_ACTIVE_ARCH = YES;
				SDKROOT = iphoneos;
				SWIFT_ACTIVE_COMPILATION_CONDITIONS = DEBUG;
				SWIFT_OPTIMIZATION_LEVEL = "-Onone";
			};
			name = Debug;
		};
		59DC209529FBD17900D40E87 /* Release */ = {
			isa = XCBuildConfiguration;
			buildSettings = {
				ALWAYS_SEARCH_USER_PATHS = NO;
				CLANG_ANALYZER_NONNULL = YES;
				CLANG_ANALYZER_NUMBER_OBJECT_CONVERSION = YES_AGGRESSIVE;
				CLANG_CXX_LANGUAGE_STANDARD = "gnu++20";
				CLANG_ENABLE_MODULES = YES;
				CLANG_ENABLE_OBJC_ARC = YES;
				CLANG_ENABLE_OBJC_WEAK = YES;
				CLANG_WARN_BLOCK_CAPTURE_AUTORELEASING = YES;
				CLANG_WARN_BOOL_CONVERSION = YES;
				CLANG_WARN_COMMA = YES;
				CLANG_WARN_CONSTANT_CONVERSION = YES;
				CLANG_WARN_DEPRECATED_OBJC_IMPLEMENTATIONS = YES;
				CLANG_WARN_DIRECT_OBJC_ISA_USAGE = YES_ERROR;
				CLANG_WARN_DOCUMENTATION_COMMENTS = YES;
				CLANG_WARN_EMPTY_BODY = YES;
				CLANG_WARN_ENUM_CONVERSION = YES;
				CLANG_WARN_INFINITE_RECURSION = YES;
				CLANG_WARN_INT_CONVERSION = YES;
				CLANG_WARN_NON_LITERAL_NULL_CONVERSION = YES;
				CLANG_WARN_OBJC_IMPLICIT_RETAIN_SELF = YES;
				CLANG_WARN_OBJC_LITERAL_CONVERSION = YES;
				CLANG_WARN_OBJC_ROOT_CLASS = YES_ERROR;
				CLANG_WARN_QUOTED_INCLUDE_IN_FRAMEWORK_HEADER = YES;
				CLANG_WARN_RANGE_LOOP_ANALYSIS = YES;
				CLANG_WARN_STRICT_PROTOTYPES = YES;
				CLANG_WARN_SUSPICIOUS_MOVE = YES;
				CLANG_WARN_UNGUARDED_AVAILABILITY = YES_AGGRESSIVE;
				CLANG_WARN_UNREACHABLE_CODE = YES;
				CLANG_WARN__DUPLICATE_METHOD_MATCH = YES;
				COPY_PHASE_STRIP = NO;
				DEBUG_INFORMATION_FORMAT = "dwarf-with-dsym";
				ENABLE_NS_ASSERTIONS = NO;
				ENABLE_STRICT_OBJC_MSGSEND = YES;
				GCC_C_LANGUAGE_STANDARD = gnu11;
				GCC_NO_COMMON_BLOCKS = YES;
				GCC_WARN_64_TO_32_BIT_CONVERSION = YES;
				GCC_WARN_ABOUT_RETURN_TYPE = YES_ERROR;
				GCC_WARN_UNDECLARED_SELECTOR = YES;
				GCC_WARN_UNINITIALIZED_AUTOS = YES_AGGRESSIVE;
				GCC_WARN_UNUSED_FUNCTION = YES;
				GCC_WARN_UNUSED_VARIABLE = YES;
				IPHONEOS_DEPLOYMENT_TARGET = 16.2;
				MTL_ENABLE_DEBUG_INFO = NO;
				MTL_FAST_MATH = YES;
				SDKROOT = iphoneos;
				SWIFT_COMPILATION_MODE = wholemodule;
				SWIFT_OPTIMIZATION_LEVEL = "-O";
				VALIDATE_PRODUCT = YES;
			};
			name = Release;
		};
		59DC209729FBD17900D40E87 /* Debug */ = {
			isa = XCBuildConfiguration;
			buildSettings = {
				ASSETCATALOG_COMPILER_APPICON_NAME = AppIcon;
				ASSETCATALOG_COMPILER_GLOBAL_ACCENT_COLOR_NAME = AccentColor;
				CODE_SIGN_STYLE = Automatic;
				CURRENT_PROJECT_VERSION = 1;
				GENERATE_INFOPLIST_FILE = YES;
				INFOPLIST_FILE = imdb/Info.plist;
				INFOPLIST_KEY_UIApplicationSupportsIndirectInputEvents = YES;
				INFOPLIST_KEY_UILaunchStoryboardName = LaunchScreen;
				INFOPLIST_KEY_UISupportedInterfaceOrientations_iPad = "UIInterfaceOrientationPortrait UIInterfaceOrientationPortraitUpsideDown UIInterfaceOrientationLandscapeLeft UIInterfaceOrientationLandscapeRight";
				INFOPLIST_KEY_UISupportedInterfaceOrientations_iPhone = "UIInterfaceOrientationPortrait UIInterfaceOrientationLandscapeLeft UIInterfaceOrientationLandscapeRight";
				LD_RUNPATH_SEARCH_PATHS = (
					"$(inherited)",
					"@executable_path/Frameworks",
				);
				MARKETING_VERSION = 1.0;
				PRODUCT_BUNDLE_IDENTIFIER = imdb.imdb;
				PRODUCT_NAME = "$(TARGET_NAME)";
				SWIFT_EMIT_LOC_STRINGS = YES;
				SWIFT_VERSION = 5.0;
				TARGETED_DEVICE_FAMILY = "1,2";
			};
			name = Debug;
		};
		59DC209829FBD17900D40E87 /* Release */ = {
			isa = XCBuildConfiguration;
			buildSettings = {
				ASSETCATALOG_COMPILER_APPICON_NAME = AppIcon;
				ASSETCATALOG_COMPILER_GLOBAL_ACCENT_COLOR_NAME = AccentColor;
				CODE_SIGN_STYLE = Automatic;
				CURRENT_PROJECT_VERSION = 1;
				GENERATE_INFOPLIST_FILE = YES;
				INFOPLIST_FILE = imdb/Info.plist;
				INFOPLIST_KEY_UIApplicationSupportsIndirectInputEvents = YES;
				INFOPLIST_KEY_UILaunchStoryboardName = LaunchScreen;
				INFOPLIST_KEY_UISupportedInterfaceOrientations_iPad = "UIInterfaceOrientationPortrait UIInterfaceOrientationPortraitUpsideDown UIInterfaceOrientationLandscapeLeft UIInterfaceOrientationLandscapeRight";
				INFOPLIST_KEY_UISupportedInterfaceOrientations_iPhone = "UIInterfaceOrientationPortrait UIInterfaceOrientationLandscapeLeft UIInterfaceOrientationLandscapeRight";
				LD_RUNPATH_SEARCH_PATHS = (
					"$(inherited)",
					"@executable_path/Frameworks",
				);
				MARKETING_VERSION = 1.0;
				PRODUCT_BUNDLE_IDENTIFIER = imdb.imdb;
				PRODUCT_NAME = "$(TARGET_NAME)";
				SWIFT_EMIT_LOC_STRINGS = YES;
				SWIFT_VERSION = 5.0;
				TARGETED_DEVICE_FAMILY = "1,2";
			};
			name = Release;
		};
/* End XCBuildConfiguration section */

/* Begin XCConfigurationList section */
		59DC207D29FBD17900D40E87 /* Build configuration list for PBXProject "imdb" */ = {
			isa = XCConfigurationList;
			buildConfigurations = (
				59DC209429FBD17900D40E87 /* Debug */,
				59DC209529FBD17900D40E87 /* Release */,
			);
			defaultConfigurationIsVisible = 0;
			defaultConfigurationName = Release;
		};
		59DC209629FBD17900D40E87 /* Build configuration list for PBXNativeTarget "imdb" */ = {
			isa = XCConfigurationList;
			buildConfigurations = (
				59DC209729FBD17900D40E87 /* Debug */,
				59DC209829FBD17900D40E87 /* Release */,
			);
			defaultConfigurationIsVisible = 0;
			defaultConfigurationName = Release;
		};
/* End XCConfigurationList section */
	};
	rootObject = 59DC207A29FBD17900D40E87 /* Project object */;
}
